
Microsoft Visual Studio Solution File, Format Version 12.00
# Visual Studio Version 17
VisualStudioVersion = 17.7.34031.279
MinimumVisualStudioVersion = 10.0.40219.1
Project("{FAE04EC0-301F-11D3-BF4B-00C04F79EFBC}") = "12.10.2023 (Mutanti)", "12.10.2023 (Mutanti)\12.10.2023 (Mutanti).csproj", "{48F4C02D-A208-4993-A4BA-4DAF674CB4FA}"
EndProject
Global
	GlobalSection(SolutionConfigurationPlatforms) = preSolution
		Debug|Any CPU = Debug|Any CPU
		Release|Any CPU = Release|Any CPU
	EndGlobalSection
	GlobalSection(ProjectConfigurationPlatforms) = postSolution
		{48F4C02D-A208-4993-A4BA-4DAF674CB4FA}.Debug|Any CPU.ActiveCfg = Debug|Any CPU
		{48F4C02D-A208-4993-A4BA-4DAF674CB4FA}.Debug|Any CPU.Build.0 = Debug|Any CPU
		{48F4C02D-A208-4993-A4BA-4DAF674CB4FA}.Release|Any CPU.ActiveCfg = Release|Any CPU
		{48F4C02D-A208-4993-A4BA-4DAF674CB4FA}.Release|Any CPU.Build.0 = Release|Any CPU
	EndGlobalSection
	GlobalSection(SolutionProperties) = preSolution
		HideSolutionNode = FALSE
	EndGlobalSection
	GlobalSection(ExtensibilityGlobals) = postSolution
		SolutionGuid = {2C5C8495-E2AD-4680-AD9D-2676866C9152}
	EndGlobalSection
EndGlobal
